// !$*UTF8*$!
{
	archiveVersion = 1;
	classes = {
	};
	objectVersion = 46;
	objects = {

/* Begin PBXBuildFile section */
		59D024161D9FD668006DC355 /* AppDelegate.swift in Sources */ = {isa = PBXBuildFile; fileRef = 59D024151D9FD668006DC355 /* AppDelegate.swift */; };
		59D024181D9FD668006DC355 /* ViewController.swift in Sources */ = {isa = PBXBuildFile; fileRef = 59D024171D9FD668006DC355 /* ViewController.swift */; };
		59D0241B1D9FD668006DC355 /* Main.storyboard in Resources */ = {isa = PBXBuildFile; fileRef = 59D024191D9FD668006DC355 /* Main.storyboard */; };
		59D0241D1D9FD668006DC355 /* Assets.xcassets in Resources */ = {isa = PBXBuildFile; fileRef = 59D0241C1D9FD668006DC355 /* Assets.xcassets */; };
		59D024201D9FD668006DC355 /* LaunchScreen.storyboard in Resources */ = {isa = PBXBuildFile; fileRef = 59D0241E1D9FD668006DC355 /* LaunchScreen.storyboard */; };
/* End PBXBuildFile section */

/* Begin PBXFileReference section */
		59D024121D9FD668006DC355 /* messy.app.app */ = {isa = PBXFileReference; explicitFileType = wrapper.application; includeInIndex = 0; path = messy.app.app; sourceTree = BUILT_PRODUCTS_DIR; };
		59D024151D9FD668006DC355 /* AppDelegate.swift */ = {isa = PBXFileReference; lastKnownFileType = sourcecode.swift; path = AppDelegate.swift; sourceTree = "<group>"; };
		59D024171D9FD668006DC355 /* ViewController.swift */ = {isa = PBXFileReference; lastKnownFileType = sourcecode.swift; path = ViewController.swift; sourceTree = "<group>"; };
		59D0241A1D9FD668006DC355 /* Base */ = {isa = PBXFileReference; lastKnownFileType = file.storyboard; name = Base; path = Base.lproj/Main.storyboard; sourceTree = "<group>"; };
		59D0241C1D9FD668006DC355 /* Assets.xcassets */ = {isa = PBXFileReference; lastKnownFileType = folder.assetcatalog; path = Assets.xcassets; sourceTree = "<group>"; };
		59D0241F1D9FD668006DC355 /* Base */ = {isa = PBXFileReference; lastKnownFileType = file.storyboard; name = Base; path = Base.lproj/LaunchScreen.storyboard; sourceTree = "<group>"; };
		59D024211D9FD668006DC355 /* Info.plist */ = {isa = PBXFileReference; lastKnownFileType = text.plist.xml; path = Info.plist; sourceTree = "<group>"; };
/* End PBXFileReference section */

/* Begin PBXFrameworksBuildPhase section */
		59D0240F1D9FD668006DC355 /* Frameworks */ = {
			isa = PBXFrameworksBuildPhase;
			buildActionMask = 2147483647;
			files = (
			);
			runOnlyForDeploymentPostprocessing = 0;
		};
/* End PBXFrameworksBuildPhase section */

/* Begin PBXGroup section */
		59D024091D9FD668006DC355 = {
			isa = PBXGroup;
			children = (
				59D024141D9FD668006DC355 /* messy.app */,
				59D024131D9FD668006DC355 /* Products */,
			);
			sourceTree = "<group>";
		};
		59D024131D9FD668006DC355 /* Products */ = {
			isa = PBXGroup;
			children = (
				59D024121D9FD668006DC355 /* messy.app.app */,
			);
			name = Products;
			sourceTree = "<group>";
		};
		59D024141D9FD668006DC355 /* messy.app */ = {
			isa = PBXGroup;
			children = (
				59D024151D9FD668006DC355 /* AppDelegate.swift */,
				59D024171D9FD668006DC355 /* ViewController.swift */,
				59D024191D9FD668006DC355 /* Main.storyboard */,
				59D0241C1D9FD668006DC355 /* Assets.xcassets */,
				59D0241E1D9FD668006DC355 /* LaunchScreen.storyboard */,
				59D024211D9FD668006DC355 /* Info.plist */,
			);
			path = messy.app;
			sourceTree = "<group>";
		};
/* End PBXGroup section */

/* Begin PBXNativeTarget section */
		59D024111D9FD668006DC355 /* messy.app */ = {
			isa = PBXNativeTarget;
			buildConfigurationList = 59D024241D9FD668006DC355 /* Build configuration list for PBXNativeTarget "messy.app" */;
			buildPhases = (
				59D0240E1D9FD668006DC355 /* Sources */,
				59D0240F1D9FD668006DC355 /* Frameworks */,
				59D024101D9FD668006DC355 /* Resources */,
			);
			buildRules = (
			);
			dependencies = (
			);
			name = messy.app;
			productName = messy.app;
			productReference = 59D024121D9FD668006DC355 /* messy.app.app */;
			productType = "com.apple.product-type.application";
		};
/* End PBXNativeTarget section */

/* Begin PBXProject section */
		59D0240A1D9FD668006DC355 /* Project object */ = {
			isa = PBXProject;
			attributes = {
				LastSwiftUpdateCheck = 0800;
				LastUpgradeCheck = 0800;
				ORGANIZATIONNAME = ehue;
				TargetAttributes = {
					59D024111D9FD668006DC355 = {
						CreatedOnToolsVersion = 8.0;
						ProvisioningStyle = Automatic;
					};
				};
			};
			buildConfigurationList = 59D0240D1D9FD668006DC355 /* Build configuration list for PBXProject "messy.app" */;
			compatibilityVersion = "Xcode 3.2";
			developmentRegion = English;
			hasScannedForEncodings = 0;
			knownRegions = (
				en,
				Base,
			);
			mainGroup = 59D024091D9FD668006DC355;
			productRefGroup = 59D024131D9FD668006DC355 /* Products */;
			projectDirPath = "";
			projectRoot = "";
			targets = (
				59D024111D9FD668006DC355 /* messy.app */,
			);
		};
/* End PBXProject section */

/* Begin PBXResourcesBuildPhase section */
		59D024101D9FD668006DC355 /* Resources */ = {
			isa = PBXResourcesBuildPhase;
			buildActionMask = 2147483647;
			files = (
				59D024201D9FD668006DC355 /* LaunchScreen.storyboard in Resources */,
				59D0241D1D9FD668006DC355 /* Assets.xcassets in Resources */,
				59D0241B1D9FD668006DC355 /* Main.storyboard in Resources */,
			);
			runOnlyForDeploymentPostprocessing = 0;
		};
/* End PBXResourcesBuildPhase section */

/* Begin PBXSourcesBuildPhase section */
		59D0240E1D9FD668006DC355 /* Sources */ = {
			isa = PBXSourcesBuildPhase;
			buildActionMask = 2147483647;
			files = (
				59D024181D9FD668006DC355 /* ViewController.swift in Sources */,
				59D024161D9FD668006DC355 /* AppDelegate.swift in Sources */,
			);
			runOnlyForDeploymentPostprocessing = 0;
		};
/* End PBXSourcesBuildPhase section */

/* Begin PBXVariantGroup section */
		59D024191D9FD668006DC355 /* Main.storyboard */ = {
			isa = PBXVariantGroup;
			children = (
				59D0241A1D9FD668006DC355 /* Base */,
			);
			name = Main.storyboard;
			sourceTree = "<group>";
		};
		59D0241E1D9FD668006DC355 /* LaunchScreen.storyboard */ = {
			isa = PBXVariantGroup;
			children = (
				59D0241F1D9FD668006DC355 /* Base */,
			);
			name = LaunchScreen.storyboard;
			sourceTree = "<group>";
		};
/* End PBXVariantGroup section */

/* Begin XCBuildConfiguration section */
		59D024221D9FD668006DC355 /* Debug */ = {
			isa = XCBuildConfiguration;
			buildSettings = {
				ALWAYS_SEARCH_USER_PATHS = NO;
				CLANG_ANALYZER_NONNULL = YES;
				CLANG_CXX_LANGUAGE_STANDARD = "gnu++0x";
				CLANG_CXX_LIBRARY = "libc++";
				CLANG_ENABLE_MODULES = YES;
				CLANG_ENABLE_OBJC_ARC = YES;
				CLANG_WARN_BOOL_CONVERSION = YES;
				CLANG_WARN_CONSTANT_CONVERSION = YES;
				CLANG_WARN_DIRECT_OBJC_ISA_USAGE = YES_ERROR;
				CLANG_WARN_DOCUMENTATION_COMMENTS = YES;
				CLANG_WARN_EMPTY_BODY = YES;
				CLANG_WARN_ENUM_CONVERSION = YES;
				CLANG_WARN_INFINITE_RECURSION = YES;
				CLANG_WARN_INT_CONVERSION = YES;
				CLANG_WARN_OBJC_ROOT_CLASS = YES_ERROR;
				CLANG_WARN_SUSPICIOUS_MOVES = YES;
				CLANG_WARN_UNREACHABLE_CODE = YES;
				CLANG_WARN__DUPLICATE_METHOD_MATCH = YES;
				"CODE_SIGN_IDENTITY[sdk=iphoneos*]" = "iPhone Developer";
				COPY_PHASE_STRIP = NO;
				DEBUG_INFORMATION_FORMAT = dwarf;
				ENABLE_STRICT_OBJC_MSGSEND = YES;
				ENABLE_TESTABILITY = YES;
				GCC_C_LANGUAGE_STANDARD = gnu99;
				GCC_DYNAMIC_NO_PIC = NO;
				GCC_NO_COMMON_BLOCKS = YES;
				GCC_OPTIMIZATION_LEVEL = 0;
				GCC_PREPROCESSOR_DEFINITIONS = (
					"DEBUG=1",
					"$(inherited)",
				);
				GCC_WARN_64_TO_32_BIT_CONVERSION = YES;
				GCC_WARN_ABOUT_RETURN_TYPE = YES_ERROR;
				GCC_WARN_UNDECLARED_SELECTOR = YES;
				GCC_WARN_UNINITIALIZED_AUTOS = YES_AGGRESSIVE;
				GCC_WARN_UNUSED_FUNCTION = YES;
				GCC_WARN_UNUSED_VARIABLE = YES;
				IPHONEOS_DEPLOYMENT_TARGET = 10.0;
				MTL_ENABLE_DEBUG_INFO = YES;
				ONLY_ACTIVE_ARCH = YES;
				SDKROOT = iphoneos;
				SWIFT_ACTIVE_COMPILATION_CONDITIONS = DEBUG;
				SWIFT_OPTIMIZATION_LEVEL = "-Onone";
			};
			name = Debug;
		};
		59D024231D9FD668006DC355 /* Release */ = {
			isa = XCBuildConfiguration;
			buildSettings = {
				ALWAYS_SEARCH_USER_PATHS = NO;
				CLANG_ANALYZER_NONNULL = YES;
				CLANG_CXX_LANGUAGE_STANDARD = "gnu++0x";
				CLANG_CXX_LIBRARY = "libc++";
				CLANG_ENABLE_MODULES = YES;
				CLANG_ENABLE_OBJC_ARC = YES;
				CLANG_WARN_BOOL_CONVERSION = YES;
				CLANG_WARN_CONSTANT_CONVERSION = YES;
				CLANG_WARN_DIRECT_OBJC_ISA_USAGE = YES_ERROR;
				CLANG_WARN_DOCUMENTATION_COMMENTS = YES;
				CLANG_WARN_EMPTY_BODY = YES;
				CLANG_WARN_ENUM_CONVERSION = YES;
				CLANG_WARN_INFINITE_RECURSION = YES;
				CLANG_WARN_INT_CONVERSION = YES;
				CLANG_WARN_OBJC_ROOT_CLASS = YES_ERROR;
				CLANG_WARN_SUSPICIOUS_MOVES = YES;
				CLANG_WARN_UNREACHABLE_CODE = YES;
				CLANG_WARN__DUPLICATE_METHOD_MATCH = YES;
				"CODE_SIGN_IDENTITY[sdk=iphoneos*]" = "iPhone Developer";
				COPY_PHASE_STRIP = NO;
				DEBUG_INFORMATION_FORMAT = "dwarf-with-dsym";
				ENABLE_NS_ASSERTIONS = NO;
				ENABLE_STRICT_OBJC_MSGSEND = YES;
				GCC_C_LANGUAGE_STANDARD = gnu99;
				GCC_NO_COMMON_BLOCKS = YES;
				GCC_WARN_64_TO_32_BIT_CONVERSION = YES;
				GCC_WARN_ABOUT_RETURN_TYPE = YES_ERROR;
				GCC_WARN_UNDECLARED_SELECTOR = YES;
				GCC_WARN_UNINITIALIZED_AUTOS = YES_AGGRESSIVE;
				GCC_WARN_UNUSED_FUNCTION = YES;
				GCC_WARN_UNUSED_VARIABLE = YES;
				IPHONEOS_DEPLOYMENT_TARGET = 10.0;
				MTL_ENABLE_DEBUG_INFO = NO;
				SDKROOT = iphoneos;
				SWIFT_OPTIMIZATION_LEVEL = "-Owholemodule";
				VALIDATE_PRODUCT = YES;
			};
			name = Release;
		};
		59D024251D9FD668006DC355 /* Debug */ = {
			isa = XCBuildConfiguration;
			buildSettings = {
				ASSETCATALOG_COMPILER_APPICON_NAME = AppIcon;
				INFOPLIST_FILE = messy.app/Info.plist;
				LD_RUNPATH_SEARCH_PATHS = "$(inherited) @executable_path/Frameworks";
				PRODUCT_BUNDLE_IDENTIFIER = "app.ehue.messy-app";
				PRODUCT_NAME = "$(TARGET_NAME)";
				SWIFT_VERSION = 3.0;
			};
			name = Debug;
		};
		59D024261D9FD668006DC355 /* Release */ = {
			isa = XCBuildConfiguration;
			buildSettings = {
				ASSETCATALOG_COMPILER_APPICON_NAME = AppIcon;
				INFOPLIST_FILE = messy.app/Info.plist;
				LD_RUNPATH_SEARCH_PATHS = "$(inherited) @executable_path/Frameworks";
				PRODUCT_BUNDLE_IDENTIFIER = "app.ehue.messy-app";
				PRODUCT_NAME = "$(TARGET_NAME)";
				SWIFT_VERSION = 3.0;
			};
			name = Release;
		};
/* End XCBuildConfiguration section */

/* Begin XCConfigurationList section */
		59D0240D1D9FD668006DC355 /* Build configuration list for PBXProject "messy.app" */ = {
			isa = XCConfigurationList;
			buildConfigurations = (
				59D024221D9FD668006DC355 /* Debug */,
				59D024231D9FD668006DC355 /* Release */,
			);
			defaultConfigurationIsVisible = 0;
			defaultConfigurationName = Release;
		};
		59D024241D9FD668006DC355 /* Build configuration list for PBXNativeTarget "messy.app" */ = {
			isa = XCConfigurationList;
			buildConfigurations = (
				59D024251D9FD668006DC355 /* Debug */,
				59D024261D9FD668006DC355 /* Release */,
			);
			defaultConfigurationIsVisible = 0;
		};
/* End XCConfigurationList section */
	};
	rootObject = 59D0240A1D9FD668006DC355 /* Project object */;
}
